
Microsoft Visual Studio Solution File, Format Version 12.00
# Visual Studio Version 17
VisualStudioVersion = 17.8.34330.188
MinimumVisualStudioVersion = 10.0.40219.1
Project("{FAE04EC0-301F-11D3-BF4B-00C04F79EFBC}") = "TodoAPI", "TodoAPI\TodoAPI.csproj", "{AB9FAF3F-D403-4B38-A907-B89AAF909057}"
EndProject
Global
	GlobalSection(SolutionConfigurationPlatforms) = preSolution
		Debug|Any CPU = Debug|Any CPU
		Release|Any CPU = Release|Any CPU
	EndGlobalSection
	GlobalSection(ProjectConfigurationPlatforms) = postSolution
		{AB9FAF3F-D403-4B38-A907-B89AAF909057}.Debug|Any CPU.ActiveCfg = Debug|Any CPU
		{AB9FAF3F-D403-4B38-A907-B89AAF909057}.Debug|Any CPU.Build.0 = Debug|Any CPU
		{AB9FAF3F-D403-4B38-A907-B89AAF909057}.Release|Any CPU.ActiveCfg = Release|Any CPU
		{AB9FAF3F-D403-4B38-A907-B89AAF909057}.Release|Any CPU.Build.0 = Release|Any CPU
	EndGlobalSection
	GlobalSection(SolutionProperties) = preSolution
		HideSolutionNode = FALSE
	EndGlobalSection
	GlobalSection(ExtensibilityGlobals) = postSolution
		SolutionGuid = {955C54AA-81C1-4855-A740-3AE47B5C7D2A}
	EndGlobalSection
EndGlobal
